
Microsoft Visual Studio Solution File, Format Version 12.00
# Visual Studio Version 17
VisualStudioVersion = 17.13.35931.197
MinimumVisualStudioVersion = 10.0.40219.1
Project("{FAE04EC0-301F-11D3-BF4B-00C04F79EFBC}") = "MyApp", "MyApp\MyApp.csproj", "{D6C453E8-D81A-41B5-A3A7-4017F21F3243}"
EndProject
Global
	GlobalSection(SolutionConfigurationPlatforms) = preSolution
		Debug|Any CPU = Debug|Any CPU
		Release|Any CPU = Release|Any CPU
	EndGlobalSection
	GlobalSection(ProjectConfigurationPlatforms) = postSolution
		{D6C453E8-D81A-41B5-A3A7-4017F21F3243}.Debug|Any CPU.ActiveCfg = Debug|Any CPU
		{D6C453E8-D81A-41B5-A3A7-4017F21F3243}.Debug|Any CPU.Build.0 = Debug|Any CPU
		{D6C453E8-D81A-41B5-A3A7-4017F21F3243}.Release|Any CPU.ActiveCfg = Release|Any CPU
		{D6C453E8-D81A-41B5-A3A7-4017F21F3243}.Release|Any CPU.Build.0 = Release|Any CPU
	EndGlobalSection
	GlobalSection(SolutionProperties) = preSolution
		HideSolutionNode = FALSE
	EndGlobalSection
	GlobalSection(ExtensibilityGlobals) = postSolution
		SolutionGuid = {8570FAE9-57DE-4C48-B642-E1E03F3B76C8}
	EndGlobalSection
EndGlobal
